
Microsoft Visual Studio Solution File, Format Version 12.00
# Visual Studio Version 16
VisualStudioVersion = 25.0.1704.0
MinimumVisualStudioVersion = 10.0.40219.1
Project("{FAE04EC0-301F-11D3-BF4B-00C04F79EFBC}") = "var3.2", "var3.2\var3.2.csproj", "{6F4B7321-3C5E-4A22-B0CA-543231970B94}"
EndProject
Global
	GlobalSection(SolutionConfigurationPlatforms) = preSolution
		Debug|Any CPU = Debug|Any CPU
		Release|Any CPU = Release|Any CPU
	EndGlobalSection
	GlobalSection(ProjectConfigurationPlatforms) = postSolution
		{6F4B7321-3C5E-4A22-B0CA-543231970B94}.Debug|Any CPU.ActiveCfg = Debug|Any CPU
		{6F4B7321-3C5E-4A22-B0CA-543231970B94}.Debug|Any CPU.Build.0 = Debug|Any CPU
		{6F4B7321-3C5E-4A22-B0CA-543231970B94}.Release|Any CPU.ActiveCfg = Release|Any CPU
		{6F4B7321-3C5E-4A22-B0CA-543231970B94}.Release|Any CPU.Build.0 = Release|Any CPU
	EndGlobalSection
	GlobalSection(SolutionProperties) = preSolution
		HideSolutionNode = FALSE
	EndGlobalSection
	GlobalSection(ExtensibilityGlobals) = postSolution
		SolutionGuid = {527065C7-9A55-4A23-A594-8CF81E15C58D}
	EndGlobalSection
EndGlobal
